
Microsoft Visual Studio Solution File, Format Version 12.00
# Visual Studio Version 17
VisualStudioVersion = 17.4.33205.214
MinimumVisualStudioVersion = 10.0.40219.1
Project("{FAE04EC0-301F-11D3-BF4B-00C04F79EFBC}") = "ProjeX-API", "ProjeX-API\ProjeX-API.csproj", "{B7DCF53F-722B-4A92-AE59-FDC903BB2656}"
EndProject
Global
	GlobalSection(SolutionConfigurationPlatforms) = preSolution
		Debug|Any CPU = Debug|Any CPU
		Release|Any CPU = Release|Any CPU
	EndGlobalSection
	GlobalSection(ProjectConfigurationPlatforms) = postSolution
		{B7DCF53F-722B-4A92-AE59-FDC903BB2656}.Debug|Any CPU.ActiveCfg = Debug|Any CPU
		{B7DCF53F-722B-4A92-AE59-FDC903BB2656}.Debug|Any CPU.Build.0 = Debug|Any CPU
		{B7DCF53F-722B-4A92-AE59-FDC903BB2656}.Release|Any CPU.ActiveCfg = Release|Any CPU
		{B7DCF53F-722B-4A92-AE59-FDC903BB2656}.Release|Any CPU.Build.0 = Release|Any CPU
	EndGlobalSection
	GlobalSection(SolutionProperties) = preSolution
		HideSolutionNode = FALSE
	EndGlobalSection
	GlobalSection(ExtensibilityGlobals) = postSolution
		SolutionGuid = {8323C6B8-0925-40FE-8360-88D462A58DA9}
	EndGlobalSection
EndGlobal
